
Microsoft Visual Studio Solution File, Format Version 12.00
# Visual Studio Version 17
VisualStudioVersion = 17.3.32929.385
MinimumVisualStudioVersion = 10.0.40219.1
Project("{FAE04EC0-301F-11D3-BF4B-00C04F79EFBC}") = "ElasticsearchCrud", "ElasticsearchCrud\ElasticsearchCrud.csproj", "{2AC714AA-83C8-49D9-AC01-C2238B7D861F}"
EndProject
Global
	GlobalSection(SolutionConfigurationPlatforms) = preSolution
		Debug|Any CPU = Debug|Any CPU
		Release|Any CPU = Release|Any CPU
	EndGlobalSection
	GlobalSection(ProjectConfigurationPlatforms) = postSolution
		{2AC714AA-83C8-49D9-AC01-C2238B7D861F}.Debug|Any CPU.ActiveCfg = Debug|Any CPU
		{2AC714AA-83C8-49D9-AC01-C2238B7D861F}.Debug|Any CPU.Build.0 = Debug|Any CPU
		{2AC714AA-83C8-49D9-AC01-C2238B7D861F}.Release|Any CPU.ActiveCfg = Release|Any CPU
		{2AC714AA-83C8-49D9-AC01-C2238B7D861F}.Release|Any CPU.Build.0 = Release|Any CPU
	EndGlobalSection
	GlobalSection(SolutionProperties) = preSolution
		HideSolutionNode = FALSE
	EndGlobalSection
	GlobalSection(ExtensibilityGlobals) = postSolution
		SolutionGuid = {34044920-DB0C-4944-AC4D-9A4EC6AB802E}
	EndGlobalSection
EndGlobal
